// !$*UTF8*$!
{
	archiveVersion = 1;
	classes = {
	};
	objectVersion = 48;
	objects = {

/* Begin PBXBuildFile section */
		A628108D1FE96892007F215B /* DeathScene.swift in Sources */ = {isa = PBXBuildFile; fileRef = A628108C1FE96892007F215B /* DeathScene.swift */; };
		A62FE7CD1FCF00250020482F /* InternetMasterViewController.swift in Sources */ = {isa = PBXBuildFile; fileRef = A62FE7CC1FCF00250020482F /* InternetMasterViewController.swift */; };
		A62FE7D01FCF0B2C0020482F /* WebKit.framework in Frameworks */ = {isa = PBXBuildFile; fileRef = A62FE7CF1FCF0B2B0020482F /* WebKit.framework */; };
		A631468B1FD6EFB500357260 /* DrawingView.swift in Sources */ = {isa = PBXBuildFile; fileRef = A631468A1FD6EFB500357260 /* DrawingView.swift */; };
		A65ECB8B2005132C0065E48C /* bucket.csv in Resources */ = {isa = PBXBuildFile; fileRef = A65ECB8A2005132C0065E48C /* bucket.csv */; };
		A68829D21FD99CD300965504 /* ArtCell.swift in Sources */ = {isa = PBXBuildFile; fileRef = A68829D11FD99CD300965504 /* ArtCell.swift */; };
		A694A5B91FE176C7002DBEA2 /* Utilities.swift in Sources */ = {isa = PBXBuildFile; fileRef = A694A5B81FE176C7002DBEA2 /* Utilities.swift */; };
		A694A5BB1FE176F0002DBEA2 /* StarField.sks in Resources */ = {isa = PBXBuildFile; fileRef = A694A5BA1FE176F0002DBEA2 /* StarField.sks */; };
		A694A5CB1FE181E3002DBEA2 /* GameScene.swift in Sources */ = {isa = PBXBuildFile; fileRef = A694A5C81FE181E3002DBEA2 /* GameScene.swift */; };
		A694A5CC1FE181E3002DBEA2 /* LevelCompleteScene.swift in Sources */ = {isa = PBXBuildFile; fileRef = A694A5C91FE181E3002DBEA2 /* LevelCompleteScene.swift */; };
		A694A5CD1FE181E3002DBEA2 /* StartScene.swift in Sources */ = {isa = PBXBuildFile; fileRef = A694A5CA1FE181E3002DBEA2 /* StartScene.swift */; };
		A694A5D51FE18886002DBEA2 /* Invader.swift in Sources */ = {isa = PBXBuildFile; fileRef = A694A5C01FE177DB002DBEA2 /* Invader.swift */; };
		A694A5D61FE18886002DBEA2 /* InvaderLaser.swift in Sources */ = {isa = PBXBuildFile; fileRef = A694A5C11FE177DB002DBEA2 /* InvaderLaser.swift */; };
		A694A5D71FE18886002DBEA2 /* Player.swift in Sources */ = {isa = PBXBuildFile; fileRef = A694A5C21FE177DB002DBEA2 /* Player.swift */; };
		A694A5D81FE18886002DBEA2 /* PlayerLaser.swift in Sources */ = {isa = PBXBuildFile; fileRef = A694A5BF1FE177DB002DBEA2 /* PlayerLaser.swift */; };
		A694A5D91FE18886002DBEA2 /* Projectile.swift in Sources */ = {isa = PBXBuildFile; fileRef = A694A5BE1FE177DB002DBEA2 /* Projectile.swift */; };
		A69F39041FFFC8E4003A501C /* BucketItemCell.swift in Sources */ = {isa = PBXBuildFile; fileRef = A69F39031FFFC8E4003A501C /* BucketItemCell.swift */; };
		A69F39071FFFC9C5003A501C /* BucketItem.swift in Sources */ = {isa = PBXBuildFile; fileRef = A69F39061FFFC9C5003A501C /* BucketItem.swift */; };
		A6A7CA891FA21FC500168001 /* AppDelegate.swift in Sources */ = {isa = PBXBuildFile; fileRef = A6A7CA881FA21FC500168001 /* AppDelegate.swift */; };
		A6A7CA8B1FA21FC500168001 /* ViewController.swift in Sources */ = {isa = PBXBuildFile; fileRef = A6A7CA8A1FA21FC500168001 /* ViewController.swift */; };
		A6A7CA8E1FA21FC500168001 /* Main.storyboard in Resources */ = {isa = PBXBuildFile; fileRef = A6A7CA8C1FA21FC500168001 /* Main.storyboard */; };
		A6A7CA901FA21FC500168001 /* Assets.xcassets in Resources */ = {isa = PBXBuildFile; fileRef = A6A7CA8F1FA21FC500168001 /* Assets.xcassets */; };
		A6A7CA9E1FA222CE00168001 /* CreativityController.swift in Sources */ = {isa = PBXBuildFile; fileRef = A6A7CA9D1FA222CE00168001 /* CreativityController.swift */; };
		A6A7CAA01FA2230300168001 /* AbstractionController.swift in Sources */ = {isa = PBXBuildFile; fileRef = A6A7CA9F1FA2230300168001 /* AbstractionController.swift */; };
		A6A7CAA21FA2231C00168001 /* DataController.swift in Sources */ = {isa = PBXBuildFile; fileRef = A6A7CAA11FA2231C00168001 /* DataController.swift */; };
		A6A7CAA41FA2232F00168001 /* AlgorithmController.swift in Sources */ = {isa = PBXBuildFile; fileRef = A6A7CAA31FA2232F00168001 /* AlgorithmController.swift */; };
		A6A7CAA61FA2234100168001 /* ProgrammingController.swift in Sources */ = {isa = PBXBuildFile; fileRef = A6A7CAA51FA2234100168001 /* ProgrammingController.swift */; };
		A6A7CAA81FA2236E00168001 /* InternetDetailViewController.swift in Sources */ = {isa = PBXBuildFile; fileRef = A6A7CAA71FA2236E00168001 /* InternetDetailViewController.swift */; };
		A6A7CAAA1FA2238800168001 /* GlobalImpactController.swift in Sources */ = {isa = PBXBuildFile; fileRef = A6A7CAA91FA2238800168001 /* GlobalImpactController.swift */; };
		A6B80DC11FB36B8800EEDFEB /* Default-568h@2x.png in Resources */ = {isa = PBXBuildFile; fileRef = A6B80DC01FB36B8800EEDFEB /* Default-568h@2x.png */; };
/* End PBXBuildFile section */

/* Begin PBXFileReference section */
		A628108C1FE96892007F215B /* DeathScene.swift */ = {isa = PBXFileReference; lastKnownFileType = sourcecode.swift; path = DeathScene.swift; sourceTree = "<group>"; };
		A62FE7CC1FCF00250020482F /* InternetMasterViewController.swift */ = {isa = PBXFileReference; lastKnownFileType = sourcecode.swift; path = InternetMasterViewController.swift; sourceTree = "<group>"; };
		A62FE7CF1FCF0B2B0020482F /* WebKit.framework */ = {isa = PBXFileReference; lastKnownFileType = wrapper.framework; name = WebKit.framework; path = System/Library/Frameworks/WebKit.framework; sourceTree = SDKROOT; };
		A631468A1FD6EFB500357260 /* DrawingView.swift */ = {isa = PBXFileReference; lastKnownFileType = sourcecode.swift; path = DrawingView.swift; sourceTree = "<group>"; };
		A65ECB8A2005132C0065E48C /* bucket.csv */ = {isa = PBXFileReference; fileEncoding = 4; lastKnownFileType = text; name = bucket.csv; path = ../../../../../Downloads/bucket.csv; sourceTree = "<group>"; };
		A68829D11FD99CD300965504 /* ArtCell.swift */ = {isa = PBXFileReference; lastKnownFileType = sourcecode.swift; path = ArtCell.swift; sourceTree = "<group>"; };
		A694A5B81FE176C7002DBEA2 /* Utilities.swift */ = {isa = PBXFileReference; fileEncoding = 4; lastKnownFileType = sourcecode.swift; path = Utilities.swift; sourceTree = "<group>"; };
		A694A5BA1FE176F0002DBEA2 /* StarField.sks */ = {isa = PBXFileReference; lastKnownFileType = file.sks; path = StarField.sks; sourceTree = "<group>"; };
		A694A5BE1FE177DB002DBEA2 /* Projectile.swift */ = {isa = PBXFileReference; fileEncoding = 4; lastKnownFileType = sourcecode.swift; path = Projectile.swift; sourceTree = "<group>"; };
		A694A5BF1FE177DB002DBEA2 /* PlayerLaser.swift */ = {isa = PBXFileReference; fileEncoding = 4; lastKnownFileType = sourcecode.swift; path = PlayerLaser.swift; sourceTree = "<group>"; };
		A694A5C01FE177DB002DBEA2 /* Invader.swift */ = {isa = PBXFileReference; fileEncoding = 4; lastKnownFileType = sourcecode.swift; path = Invader.swift; sourceTree = "<group>"; };
		A694A5C11FE177DB002DBEA2 /* InvaderLaser.swift */ = {isa = PBXFileReference; fileEncoding = 4; lastKnownFileType = sourcecode.swift; path = InvaderLaser.swift; sourceTree = "<group>"; };
		A694A5C21FE177DB002DBEA2 /* Player.swift */ = {isa = PBXFileReference; fileEncoding = 4; lastKnownFileType = sourcecode.swift; path = Player.swift; sourceTree = "<group>"; };
		A694A5C81FE181E3002DBEA2 /* GameScene.swift */ = {isa = PBXFileReference; lastKnownFileType = sourcecode.swift; path = GameScene.swift; sourceTree = "<group>"; };
		A694A5C91FE181E3002DBEA2 /* LevelCompleteScene.swift */ = {isa = PBXFileReference; lastKnownFileType = sourcecode.swift; path = LevelCompleteScene.swift; sourceTree = "<group>"; };
		A694A5CA1FE181E3002DBEA2 /* StartScene.swift */ = {isa = PBXFileReference; lastKnownFileType = sourcecode.swift; path = StartScene.swift; sourceTree = "<group>"; };
		A694A5CF1FE18249002DBEA2 /* boss sound.mp3 */ = {isa = PBXFileReference; lastKnownFileType = audio.mp3; path = "boss sound.mp3"; sourceTree = "<group>"; };
		A694A5D01FE18249002DBEA2 /* laser sound.mp3 */ = {isa = PBXFileReference; lastKnownFileType = audio.mp3; path = "laser sound.mp3"; sourceTree = "<group>"; };
		A694A5D11FE18249002DBEA2 /* extra sound.mp3 */ = {isa = PBXFileReference; lastKnownFileType = audio.mp3; path = "extra sound.mp3"; sourceTree = "<group>"; };
		A694A5D21FE1824A002DBEA2 /* invader sound.mp3 */ = {isa = PBXFileReference; lastKnownFileType = audio.mp3; path = "invader sound.mp3"; sourceTree = "<group>"; };
		A694A5D31FE1824A002DBEA2 /* powerup sound.mp3 */ = {isa = PBXFileReference; lastKnownFileType = audio.mp3; path = "powerup sound.mp3"; sourceTree = "<group>"; };
		A69F39031FFFC8E4003A501C /* BucketItemCell.swift */ = {isa = PBXFileReference; lastKnownFileType = sourcecode.swift; path = BucketItemCell.swift; sourceTree = "<group>"; };
		A69F39061FFFC9C5003A501C /* BucketItem.swift */ = {isa = PBXFileReference; lastKnownFileType = sourcecode.swift; path = BucketItem.swift; sourceTree = "<group>"; };
		A6A7CA851FA21FC500168001 /* Ylst_CSP.app */ = {isa = PBXFileReference; explicitFileType = wrapper.application; includeInIndex = 0; path = Ylst_CSP.app; sourceTree = BUILT_PRODUCTS_DIR; };
		A6A7CA881FA21FC500168001 /* AppDelegate.swift */ = {isa = PBXFileReference; lastKnownFileType = sourcecode.swift; path = AppDelegate.swift; sourceTree = "<group>"; };
		A6A7CA8A1FA21FC500168001 /* ViewController.swift */ = {isa = PBXFileReference; lastKnownFileType = sourcecode.swift; path = ViewController.swift; sourceTree = "<group>"; };
		A6A7CA8D1FA21FC500168001 /* Base */ = {isa = PBXFileReference; lastKnownFileType = file.storyboard; name = Base; path = Base.lproj/Main.storyboard; sourceTree = "<group>"; };
		A6A7CA8F1FA21FC500168001 /* Assets.xcassets */ = {isa = PBXFileReference; lastKnownFileType = folder.assetcatalog; path = Assets.xcassets; sourceTree = "<group>"; };
		A6A7CA941FA21FC500168001 /* Info.plist */ = {isa = PBXFileReference; lastKnownFileType = text.plist.xml; path = Info.plist; sourceTree = "<group>"; };
		A6A7CA9D1FA222CE00168001 /* CreativityController.swift */ = {isa = PBXFileReference; lastKnownFileType = sourcecode.swift; path = CreativityController.swift; sourceTree = "<group>"; };
		A6A7CA9F1FA2230300168001 /* AbstractionController.swift */ = {isa = PBXFileReference; lastKnownFileType = sourcecode.swift; path = AbstractionController.swift; sourceTree = "<group>"; };
		A6A7CAA11FA2231C00168001 /* DataController.swift */ = {isa = PBXFileReference; lastKnownFileType = sourcecode.swift; path = DataController.swift; sourceTree = "<group>"; };
		A6A7CAA31FA2232F00168001 /* AlgorithmController.swift */ = {isa = PBXFileReference; lastKnownFileType = sourcecode.swift; path = AlgorithmController.swift; sourceTree = "<group>"; };
		A6A7CAA51FA2234100168001 /* ProgrammingController.swift */ = {isa = PBXFileReference; lastKnownFileType = sourcecode.swift; path = ProgrammingController.swift; sourceTree = "<group>"; };
		A6A7CAA71FA2236E00168001 /* InternetDetailViewController.swift */ = {isa = PBXFileReference; lastKnownFileType = sourcecode.swift; path = InternetDetailViewController.swift; sourceTree = "<group>"; };
		A6A7CAA91FA2238800168001 /* GlobalImpactController.swift */ = {isa = PBXFileReference; lastKnownFileType = sourcecode.swift; path = GlobalImpactController.swift; sourceTree = "<group>"; };
		A6B80DC01FB36B8800EEDFEB /* Default-568h@2x.png */ = {isa = PBXFileReference; lastKnownFileType = image.png; path = "Default-568h@2x.png"; sourceTree = "<group>"; };
/* End PBXFileReference section */

/* Begin PBXFrameworksBuildPhase section */
		A6A7CA821FA21FC500168001 /* Frameworks */ = {
			isa = PBXFrameworksBuildPhase;
			buildActionMask = 2147483647;
			files = (
				A62FE7D01FCF0B2C0020482F /* WebKit.framework in Frameworks */,
			);
			runOnlyForDeploymentPostprocessing = 0;
		};
/* End PBXFrameworksBuildPhase section */

/* Begin PBXGroup section */
		A603DA991FC329FC007B8463 /* Model */ = {
			isa = PBXGroup;
			children = (
				A694A5C01FE177DB002DBEA2 /* Invader.swift */,
				A694A5C11FE177DB002DBEA2 /* InvaderLaser.swift */,
				A694A5C21FE177DB002DBEA2 /* Player.swift */,
				A694A5BF1FE177DB002DBEA2 /* PlayerLaser.swift */,
				A694A5BE1FE177DB002DBEA2 /* Projectile.swift */,
				A69F39061FFFC9C5003A501C /* BucketItem.swift */,
			);
			path = Model;
			sourceTree = "<group>";
		};
		A62FE7CE1FCF0B2B0020482F /* Frameworks */ = {
			isa = PBXGroup;
			children = (
				A62FE7CF1FCF0B2B0020482F /* WebKit.framework */,
			);
			name = Frameworks;
			sourceTree = "<group>";
		};
		A694A5CE1FE1820F002DBEA2 /* GameController */ = {
			isa = PBXGroup;
			children = (
				A694A5C81FE181E3002DBEA2 /* GameScene.swift */,
				A694A5C91FE181E3002DBEA2 /* LevelCompleteScene.swift */,
				A694A5CA1FE181E3002DBEA2 /* StartScene.swift */,
				A628108C1FE96892007F215B /* DeathScene.swift */,
			);
			path = GameController;
			sourceTree = "<group>";
		};
		A694A5D41FE18254002DBEA2 /* Sounds */ = {
			isa = PBXGroup;
			children = (
				A694A5CF1FE18249002DBEA2 /* boss sound.mp3 */,
				A694A5D11FE18249002DBEA2 /* extra sound.mp3 */,
				A694A5D21FE1824A002DBEA2 /* invader sound.mp3 */,
				A694A5D01FE18249002DBEA2 /* laser sound.mp3 */,
				A694A5D31FE1824A002DBEA2 /* powerup sound.mp3 */,
			);
			path = Sounds;
			sourceTree = "<group>";
		};
		A69F39051FFFC8F8003A501C /* DataView */ = {
			isa = PBXGroup;
			children = (
				A69F39031FFFC8E4003A501C /* BucketItemCell.swift */,
				A6A7CAA11FA2231C00168001 /* DataController.swift */,
			);
			path = DataView;
			sourceTree = "<group>";
		};
		A6A7CA7C1FA21FC500168001 = {
			isa = PBXGroup;
			children = (
				A6B80DC01FB36B8800EEDFEB /* Default-568h@2x.png */,
				A6A7CA871FA21FC500168001 /* Ylst_CSP */,
				A6A7CA861FA21FC500168001 /* Products */,
				A62FE7CE1FCF0B2B0020482F /* Frameworks */,
			);
			sourceTree = "<group>";
		};
		A6A7CA861FA21FC500168001 /* Products */ = {
			isa = PBXGroup;
			children = (
				A6A7CA851FA21FC500168001 /* Ylst_CSP.app */,
			);
			name = Products;
			sourceTree = "<group>";
		};
		A6A7CA871FA21FC500168001 /* Ylst_CSP */ = {
			isa = PBXGroup;
			children = (
				A6A7CA9A1FA220A100168001 /* Controller */,
				A6A7CA9B1FA220B700168001 /* View */,
				A6A7CA9C1FA220BC00168001 /* Resources */,
				A603DA991FC329FC007B8463 /* Model */,
			);
			path = Ylst_CSP;
			sourceTree = "<group>";
		};
		A6A7CA9A1FA220A100168001 /* Controller */ = {
			isa = PBXGroup;
			children = (
				A694A5CE1FE1820F002DBEA2 /* GameController */,
				A69F39051FFFC8F8003A501C /* DataView */,
				A6A7CA881FA21FC500168001 /* AppDelegate.swift */,
				A6A7CA8A1FA21FC500168001 /* ViewController.swift */,
				A6A7CA9D1FA222CE00168001 /* CreativityController.swift */,
				A6A7CA9F1FA2230300168001 /* AbstractionController.swift */,
				A6A7CAA31FA2232F00168001 /* AlgorithmController.swift */,
				A6A7CAA51FA2234100168001 /* ProgrammingController.swift */,
				A6A7CAA71FA2236E00168001 /* InternetDetailViewController.swift */,
				A6A7CAA91FA2238800168001 /* GlobalImpactController.swift */,
				A62FE7CC1FCF00250020482F /* InternetMasterViewController.swift */,
				A68829D11FD99CD300965504 /* ArtCell.swift */,
			);
			path = Controller;
			sourceTree = "<group>";
		};
		A6A7CA9B1FA220B700168001 /* View */ = {
			isa = PBXGroup;
			children = (
				A694A5BA1FE176F0002DBEA2 /* StarField.sks */,
				A6A7CA8C1FA21FC500168001 /* Main.storyboard */,
				A631468A1FD6EFB500357260 /* DrawingView.swift */,
			);
			path = View;
			sourceTree = "<group>";
		};
		A6A7CA9C1FA220BC00168001 /* Resources */ = {
			isa = PBXGroup;
			children = (
				A65ECB8A2005132C0065E48C /* bucket.csv */,
				A694A5B81FE176C7002DBEA2 /* Utilities.swift */,
				A694A5D41FE18254002DBEA2 /* Sounds */,
				A6A7CA8F1FA21FC500168001 /* Assets.xcassets */,
				A6A7CA941FA21FC500168001 /* Info.plist */,
			);
			path = Resources;
			sourceTree = "<group>";
		};
/* End PBXGroup section */

/* Begin PBXNativeTarget section */
		A6A7CA841FA21FC500168001 /* Ylst_CSP */ = {
			isa = PBXNativeTarget;
			buildConfigurationList = A6A7CA971FA21FC500168001 /* Build configuration list for PBXNativeTarget "Ylst_CSP" */;
			buildPhases = (
				A6A7CA811FA21FC500168001 /* Sources */,
				A6A7CA821FA21FC500168001 /* Frameworks */,
				A6A7CA831FA21FC500168001 /* Resources */,
			);
			buildRules = (
			);
			dependencies = (
			);
			name = Ylst_CSP;
			productName = Ylst_CSP;
			productReference = A6A7CA851FA21FC500168001 /* Ylst_CSP.app */;
			productType = "com.apple.product-type.application";
		};
/* End PBXNativeTarget section */

/* Begin PBXProject section */
		A6A7CA7D1FA21FC500168001 /* Project object */ = {
			isa = PBXProject;
			attributes = {
				LastSwiftUpdateCheck = 0900;
				LastUpgradeCheck = 0900;
				ORGANIZATIONNAME = CTEC;
				TargetAttributes = {
					A6A7CA841FA21FC500168001 = {
						CreatedOnToolsVersion = 9.0;
						ProvisioningStyle = Automatic;
					};
				};
			};
			buildConfigurationList = A6A7CA801FA21FC500168001 /* Build configuration list for PBXProject "Ylst_CSP" */;
			compatibilityVersion = "Xcode 8.0";
			developmentRegion = en;
			hasScannedForEncodings = 0;
			knownRegions = (
				en,
				Base,
			);
			mainGroup = A6A7CA7C1FA21FC500168001;
			productRefGroup = A6A7CA861FA21FC500168001 /* Products */;
			projectDirPath = "";
			projectRoot = "";
			targets = (
				A6A7CA841FA21FC500168001 /* Ylst_CSP */,
			);
		};
/* End PBXProject section */

/* Begin PBXResourcesBuildPhase section */
		A6A7CA831FA21FC500168001 /* Resources */ = {
			isa = PBXResourcesBuildPhase;
			buildActionMask = 2147483647;
			files = (
				A694A5BB1FE176F0002DBEA2 /* StarField.sks in Resources */,
				A6B80DC11FB36B8800EEDFEB /* Default-568h@2x.png in Resources */,
				A65ECB8B2005132C0065E48C /* bucket.csv in Resources */,
				A6A7CA901FA21FC500168001 /* Assets.xcassets in Resources */,
				A6A7CA8E1FA21FC500168001 /* Main.storyboard in Resources */,
			);
			runOnlyForDeploymentPostprocessing = 0;
		};
/* End PBXResourcesBuildPhase section */

/* Begin PBXSourcesBuildPhase section */
		A6A7CA811FA21FC500168001 /* Sources */ = {
			isa = PBXSourcesBuildPhase;
			buildActionMask = 2147483647;
			files = (
				A69F39071FFFC9C5003A501C /* BucketItem.swift in Sources */,
				A694A5CD1FE181E3002DBEA2 /* StartScene.swift in Sources */,
				A694A5D61FE18886002DBEA2 /* InvaderLaser.swift in Sources */,
				A694A5D51FE18886002DBEA2 /* Invader.swift in Sources */,
				A6A7CAAA1FA2238800168001 /* GlobalImpactController.swift in Sources */,
				A68829D21FD99CD300965504 /* ArtCell.swift in Sources */,
				A62FE7CD1FCF00250020482F /* InternetMasterViewController.swift in Sources */,
				A69F39041FFFC8E4003A501C /* BucketItemCell.swift in Sources */,
				A694A5B91FE176C7002DBEA2 /* Utilities.swift in Sources */,
				A6A7CAA81FA2236E00168001 /* InternetDetailViewController.swift in Sources */,
				A694A5D81FE18886002DBEA2 /* PlayerLaser.swift in Sources */,
				A6A7CAA01FA2230300168001 /* AbstractionController.swift in Sources */,
				A631468B1FD6EFB500357260 /* DrawingView.swift in Sources */,
				A6A7CAA61FA2234100168001 /* ProgrammingController.swift in Sources */,
				A694A5CB1FE181E3002DBEA2 /* GameScene.swift in Sources */,
				A6A7CAA41FA2232F00168001 /* AlgorithmController.swift in Sources */,
				A694A5CC1FE181E3002DBEA2 /* LevelCompleteScene.swift in Sources */,
				A6A7CAA21FA2231C00168001 /* DataController.swift in Sources */,
				A6A7CA8B1FA21FC500168001 /* ViewController.swift in Sources */,
				A694A5D71FE18886002DBEA2 /* Player.swift in Sources */,
				A694A5D91FE18886002DBEA2 /* Projectile.swift in Sources */,
				A628108D1FE96892007F215B /* DeathScene.swift in Sources */,
				A6A7CA9E1FA222CE00168001 /* CreativityController.swift in Sources */,
				A6A7CA891FA21FC500168001 /* AppDelegate.swift in Sources */,
			);
			runOnlyForDeploymentPostprocessing = 0;
		};
/* End PBXSourcesBuildPhase section */

/* Begin PBXVariantGroup section */
		A6A7CA8C1FA21FC500168001 /* Main.storyboard */ = {
			isa = PBXVariantGroup;
			children = (
				A6A7CA8D1FA21FC500168001 /* Base */,
			);
			name = Main.storyboard;
			sourceTree = "<group>";
		};
/* End PBXVariantGroup section */

/* Begin XCBuildConfiguration section */
		A6A7CA951FA21FC500168001 /* Debug */ = {
			isa = XCBuildConfiguration;
			buildSettings = {
				ALWAYS_SEARCH_USER_PATHS = NO;
				CLANG_ANALYZER_NONNULL = YES;
				CLANG_ANALYZER_NUMBER_OBJECT_CONVERSION = YES_AGGRESSIVE;
				CLANG_CXX_LANGUAGE_STANDARD = "gnu++14";
				CLANG_CXX_LIBRARY = "libc++";
				CLANG_ENABLE_MODULES = YES;
				CLANG_ENABLE_OBJC_ARC = YES;
				CLANG_WARN_BLOCK_CAPTURE_AUTORELEASING = YES;
				CLANG_WARN_BOOL_CONVERSION = YES;
				CLANG_WARN_COMMA = YES;
				CLANG_WARN_CONSTANT_CONVERSION = YES;
				CLANG_WARN_DIRECT_OBJC_ISA_USAGE = YES_ERROR;
				CLANG_WARN_DOCUMENTATION_COMMENTS = YES;
				CLANG_WARN_EMPTY_BODY = YES;
				CLANG_WARN_ENUM_CONVERSION = YES;
				CLANG_WARN_INFINITE_RECURSION = YES;
				CLANG_WARN_INT_CONVERSION = YES;
				CLANG_WARN_NON_LITERAL_NULL_CONVERSION = YES;
				CLANG_WARN_OBJC_LITERAL_CONVERSION = YES;
				CLANG_WARN_OBJC_ROOT_CLASS = YES_ERROR;
				CLANG_WARN_RANGE_LOOP_ANALYSIS = YES;
				CLANG_WARN_STRICT_PROTOTYPES = YES;
				CLANG_WARN_SUSPICIOUS_MOVE = YES;
				CLANG_WARN_UNGUARDED_AVAILABILITY = YES_AGGRESSIVE;
				CLANG_WARN_UNREACHABLE_CODE = YES;
				CLANG_WARN__DUPLICATE_METHOD_MATCH = YES;
				CODE_SIGN_IDENTITY = "iPhone Developer";
				COPY_PHASE_STRIP = NO;
				DEBUG_INFORMATION_FORMAT = dwarf;
				ENABLE_STRICT_OBJC_MSGSEND = YES;
				ENABLE_TESTABILITY = YES;
				GCC_C_LANGUAGE_STANDARD = gnu11;
				GCC_DYNAMIC_NO_PIC = NO;
				GCC_NO_COMMON_BLOCKS = YES;
				GCC_OPTIMIZATION_LEVEL = 0;
				GCC_PREPROCESSOR_DEFINITIONS = (
					"DEBUG=1",
					"$(inherited)",
				);
				GCC_WARN_64_TO_32_BIT_CONVERSION = YES;
				GCC_WARN_ABOUT_RETURN_TYPE = YES_ERROR;
				GCC_WARN_UNDECLARED_SELECTOR = YES;
				GCC_WARN_UNINITIALIZED_AUTOS = YES_AGGRESSIVE;
				GCC_WARN_UNUSED_FUNCTION = YES;
				GCC_WARN_UNUSED_VARIABLE = YES;
				IPHONEOS_DEPLOYMENT_TARGET = 11.0;
				MTL_ENABLE_DEBUG_INFO = YES;
				ONLY_ACTIVE_ARCH = YES;
				SDKROOT = iphoneos;
				SWIFT_ACTIVE_COMPILATION_CONDITIONS = DEBUG;
				SWIFT_OPTIMIZATION_LEVEL = "-Onone";
			};
			name = Debug;
		};
		A6A7CA961FA21FC500168001 /* Release */ = {
			isa = XCBuildConfiguration;
			buildSettings = {
				ALWAYS_SEARCH_USER_PATHS = NO;
				CLANG_ANALYZER_NONNULL = YES;
				CLANG_ANALYZER_NUMBER_OBJECT_CONVERSION = YES_AGGRESSIVE;
				CLANG_CXX_LANGUAGE_STANDARD = "gnu++14";
				CLANG_CXX_LIBRARY = "libc++";
				CLANG_ENABLE_MODULES = YES;
				CLANG_ENABLE_OBJC_ARC = YES;
				CLANG_WARN_BLOCK_CAPTURE_AUTORELEASING = YES;
				CLANG_WARN_BOOL_CONVERSION = YES;
				CLANG_WARN_COMMA = YES;
				CLANG_WARN_CONSTANT_CONVERSION = YES;
				CLANG_WARN_DIRECT_OBJC_ISA_USAGE = YES_ERROR;
				CLANG_WARN_DOCUMENTATION_COMMENTS = YES;
				CLANG_WARN_EMPTY_BODY = YES;
				CLANG_WARN_ENUM_CONVERSION = YES;
				CLANG_WARN_INFINITE_RECURSION = YES;
				CLANG_WARN_INT_CONVERSION = YES;
				CLANG_WARN_NON_LITERAL_NULL_CONVERSION = YES;
				CLANG_WARN_OBJC_LITERAL_CONVERSION = YES;
				CLANG_WARN_OBJC_ROOT_CLASS = YES_ERROR;
				CLANG_WARN_RANGE_LOOP_ANALYSIS = YES;
				CLANG_WARN_STRICT_PROTOTYPES = YES;
				CLANG_WARN_SUSPICIOUS_MOVE = YES;
				CLANG_WARN_UNGUARDED_AVAILABILITY = YES_AGGRESSIVE;
				CLANG_WARN_UNREACHABLE_CODE = YES;
				CLANG_WARN__DUPLICATE_METHOD_MATCH = YES;
				CODE_SIGN_IDENTITY = "iPhone Developer";
				COPY_PHASE_STRIP = NO;
				DEBUG_INFORMATION_FORMAT = "dwarf-with-dsym";
				ENABLE_NS_ASSERTIONS = NO;
				ENABLE_STRICT_OBJC_MSGSEND = YES;
				GCC_C_LANGUAGE_STANDARD = gnu11;
				GCC_NO_COMMON_BLOCKS = YES;
				GCC_WARN_64_TO_32_BIT_CONVERSION = YES;
				GCC_WARN_ABOUT_RETURN_TYPE = YES_ERROR;
				GCC_WARN_UNDECLARED_SELECTOR = YES;
				GCC_WARN_UNINITIALIZED_AUTOS = YES_AGGRESSIVE;
				GCC_WARN_UNUSED_FUNCTION = YES;
				GCC_WARN_UNUSED_VARIABLE = YES;
				IPHONEOS_DEPLOYMENT_TARGET = 11.0;
				MTL_ENABLE_DEBUG_INFO = NO;
				SDKROOT = iphoneos;
				SWIFT_OPTIMIZATION_LEVEL = "-Owholemodule";
				VALIDATE_PRODUCT = YES;
			};
			name = Release;
		};
		A6A7CA981FA21FC500168001 /* Debug */ = {
			isa = XCBuildConfiguration;
			buildSettings = {
				ASSETCATALOG_COMPILER_APPICON_NAME = AppIcon;
				CODE_SIGN_STYLE = Automatic;
				INFOPLIST_FILE = Ylst_CSP/Info.plist;
				LD_RUNPATH_SEARCH_PATHS = "$(inherited) @executable_path/Frameworks";
				PRODUCT_BUNDLE_IDENTIFIER = "CTEC.Ylst-CSP";
				PRODUCT_NAME = "$(TARGET_NAME)";
				SWIFT_VERSION = 4.0;
				TARGETED_DEVICE_FAMILY = "1,2";
			};
			name = Debug;
		};
		A6A7CA991FA21FC500168001 /* Release */ = {
			isa = XCBuildConfiguration;
			buildSettings = {
				ASSETCATALOG_COMPILER_APPICON_NAME = AppIcon;
				CODE_SIGN_STYLE = Automatic;
				INFOPLIST_FILE = Ylst_CSP/Info.plist;
				LD_RUNPATH_SEARCH_PATHS = "$(inherited) @executable_path/Frameworks";
				PRODUCT_BUNDLE_IDENTIFIER = "CTEC.Ylst-CSP";
				PRODUCT_NAME = "$(TARGET_NAME)";
				SWIFT_VERSION = 4.0;
				TARGETED_DEVICE_FAMILY = "1,2";
			};
			name = Release;
		};
/* End XCBuildConfiguration section */

/* Begin XCConfigurationList section */
		A6A7CA801FA21FC500168001 /* Build configuration list for PBXProject "Ylst_CSP" */ = {
			isa = XCConfigurationList;
			buildConfigurations = (
				A6A7CA951FA21FC500168001 /* Debug */,
				A6A7CA961FA21FC500168001 /* Release */,
			);
			defaultConfigurationIsVisible = 0;
			defaultConfigurationName = Release;
		};
		A6A7CA971FA21FC500168001 /* Build configuration list for PBXNativeTarget "Ylst_CSP" */ = {
			isa = XCConfigurationList;
			buildConfigurations = (
				A6A7CA981FA21FC500168001 /* Debug */,
				A6A7CA991FA21FC500168001 /* Release */,
			);
			defaultConfigurationIsVisible = 0;
			defaultConfigurationName = Release;
		};
/* End XCConfigurationList section */
	};
	rootObject = A6A7CA7D1FA21FC500168001 /* Project object */;
}
